
Microsoft Visual Studio Solution File, Format Version 12.00
# Visual Studio Version 16
VisualStudioVersion = 16.0.31729.503
MinimumVisualStudioVersion = 10.0.40219.1
Project("{8BC9CEB8-8B4A-11D0-8D11-00A0C91BC942}") = "Lab3_1", "Lab3_1\Lab3_1.vcxproj", "{FFBA3CB1-D848-4B55-8F1B-248B9CD4BA72}"
EndProject
Global
	GlobalSection(SolutionConfigurationPlatforms) = preSolution
		Debug|Win32 = Debug|Win32
		Debug|x64 = Debug|x64
		Release|Win32 = Release|Win32
		Release|x64 = Release|x64
	EndGlobalSection
	GlobalSection(ProjectConfigurationPlatforms) = postSolution
		{FFBA3CB1-D848-4B55-8F1B-248B9CD4BA72}.Debug|Win32.ActiveCfg = Debug|Win32
		{FFBA3CB1-D848-4B55-8F1B-248B9CD4BA72}.Debug|Win32.Build.0 = Debug|Win32
		{FFBA3CB1-D848-4B55-8F1B-248B9CD4BA72}.Debug|x64.ActiveCfg = Debug|x64
		{FFBA3CB1-D848-4B55-8F1B-248B9CD4BA72}.Debug|x64.Build.0 = Debug|x64
		{FFBA3CB1-D848-4B55-8F1B-248B9CD4BA72}.Release|Win32.ActiveCfg = Release|Win32
		{FFBA3CB1-D848-4B55-8F1B-248B9CD4BA72}.Release|Win32.Build.0 = Release|Win32
		{FFBA3CB1-D848-4B55-8F1B-248B9CD4BA72}.Release|x64.ActiveCfg = Release|x64
		{FFBA3CB1-D848-4B55-8F1B-248B9CD4BA72}.Release|x64.Build.0 = Release|x64
	EndGlobalSection
	GlobalSection(SolutionProperties) = preSolution
		HideSolutionNode = FALSE
	EndGlobalSection
	GlobalSection(ExtensibilityGlobals) = postSolution
		SolutionGuid = {EA78598A-E890-413C-8474-5400A7A2F7C4}
	EndGlobalSection
EndGlobal
